# THIS IS AN AUTOGENERATED FILE. DO NOT EDIT THIS FILE DIRECTLY.
# yarn lockfile v1


intl-tel-input@^25.3.2:
  version "25.3.2"
  resolved "https://registry.yarnpkg.com/intl-tel-input/-/intl-tel-input-25.3.2.tgz#fbcd1af3e90fc9c76af6784074c7c5b8c1286c31"
  integrity sha512-hyzp/7yxCsnSxat8u2QwC0lLJzge9n02zggY1clOwrN8dPZoSElnqrwcXL2S7DnMFlO0ZycgH6fAb3s+pPOdGA==
